
Microsoft Visual Studio Solution File, Format Version 12.00
# Visual Studio Version 17
VisualStudioVersion = 17.3.32901.215
MinimumVisualStudioVersion = 10.0.40219.1
Project("{2150E333-8FDC-42A3-9474-1A3956D46DE8}") = "src", "src", "{89701B78-952A-45E9-985B-9F6771721747}"
EndProject
Project("{FAE04EC0-301F-11D3-BF4B-00C04F79EFBC}") = "Cookbook.API", "src\Cookbook.API\Cookbook.API.csproj", "{088910C7-741E-4576-8039-BBFD60BBFD83}"
EndProject
Global
	GlobalSection(SolutionConfigurationPlatforms) = preSolution
		Debug|Any CPU = Debug|Any CPU
		Release|Any CPU = Release|Any CPU
	EndGlobalSection
	GlobalSection(ProjectConfigurationPlatforms) = postSolution
		{088910C7-741E-4576-8039-BBFD60BBFD83}.Debug|Any CPU.ActiveCfg = Debug|Any CPU
		{088910C7-741E-4576-8039-BBFD60BBFD83}.Debug|Any CPU.Build.0 = Debug|Any CPU
		{088910C7-741E-4576-8039-BBFD60BBFD83}.Release|Any CPU.ActiveCfg = Release|Any CPU
		{088910C7-741E-4576-8039-BBFD60BBFD83}.Release|Any CPU.Build.0 = Release|Any CPU
	EndGlobalSection
	GlobalSection(SolutionProperties) = preSolution
		HideSolutionNode = FALSE
	EndGlobalSection
	GlobalSection(NestedProjects) = preSolution
		{088910C7-741E-4576-8039-BBFD60BBFD83} = {89701B78-952A-45E9-985B-9F6771721747}
	EndGlobalSection
	GlobalSection(ExtensibilityGlobals) = postSolution
		SolutionGuid = {01E621E9-A91F-49F6-A566-B91F3D24A250}
	EndGlobalSection
EndGlobal
